
Microsoft Visual Studio Solution File, Format Version 12.00
# Visual Studio Version 16
VisualStudioVersion = 16.0.30011.22
MinimumVisualStudioVersion = 10.0.40219.1
Project("{FAE04EC0-301F-11D3-BF4B-00C04F79EFBC}") = "OrdersAPI", "OrdersAPI\OrdersAPI.csproj", "{7397CF46-CEBF-460A-9798-3CF2BD6C0A05}"
EndProject
Global
	GlobalSection(SolutionConfigurationPlatforms) = preSolution
		Debug|Any CPU = Debug|Any CPU
		Release|Any CPU = Release|Any CPU
	EndGlobalSection
	GlobalSection(ProjectConfigurationPlatforms) = postSolution
		{7397CF46-CEBF-460A-9798-3CF2BD6C0A05}.Debug|Any CPU.ActiveCfg = Debug|Any CPU
		{7397CF46-CEBF-460A-9798-3CF2BD6C0A05}.Debug|Any CPU.Build.0 = Debug|Any CPU
		{7397CF46-CEBF-460A-9798-3CF2BD6C0A05}.Release|Any CPU.ActiveCfg = Release|Any CPU
		{7397CF46-CEBF-460A-9798-3CF2BD6C0A05}.Release|Any CPU.Build.0 = Release|Any CPU
	EndGlobalSection
	GlobalSection(SolutionProperties) = preSolution
		HideSolutionNode = FALSE
	EndGlobalSection
	GlobalSection(ExtensibilityGlobals) = postSolution
		SolutionGuid = {9B9F235E-115E-47ED-8C50-8D3DE900D560}
	EndGlobalSection
EndGlobal
